
Microsoft Visual Studio Solution File, Format Version 12.00
# Visual Studio 15
VisualStudioVersion = 15.0.26124.0
MinimumVisualStudioVersion = 15.0.26124.0
Project("{2150E333-8FDC-42A3-9474-1A3956D46DE8}") = "System.Threading.Channels", "System.Threading.Channels", "{705F4CB3-2290-4637-AD39-DCCB90E3F22F}"
EndProject
Project("{FAE04EC0-301F-11D3-BF4B-00C04F79EFBC}") = "ChannelsDemo", "System.Threading.Channels\ChannelsDemo\ChannelsDemo.csproj", "{56D4507A-2845-4DC1-9EDF-CC828C058A6E}"
EndProject
Project("{2150E333-8FDC-42A3-9474-1A3956D46DE8}") = "System.IO.Pipelines", "System.IO.Pipelines", "{74E722C1-4DAE-4381-90F4-87D11427E506}"
EndProject
Project("{FAE04EC0-301F-11D3-BF4B-00C04F79EFBC}") = "PipelinesDemo", "System.IO.Pipelines\PipelinesDemo\PipelinesDemo.csproj", "{26E62F88-E765-43F2-99B8-6F174D389138}"
EndProject
Global
	GlobalSection(SolutionConfigurationPlatforms) = preSolution
		Debug|Any CPU = Debug|Any CPU
		Debug|x64 = Debug|x64
		Debug|x86 = Debug|x86
		Release|Any CPU = Release|Any CPU
		Release|x64 = Release|x64
		Release|x86 = Release|x86
	EndGlobalSection
	GlobalSection(SolutionProperties) = preSolution
		HideSolutionNode = FALSE
	EndGlobalSection
	GlobalSection(ProjectConfigurationPlatforms) = postSolution
		{56D4507A-2845-4DC1-9EDF-CC828C058A6E}.Debug|Any CPU.ActiveCfg = Debug|Any CPU
		{56D4507A-2845-4DC1-9EDF-CC828C058A6E}.Debug|Any CPU.Build.0 = Debug|Any CPU
		{56D4507A-2845-4DC1-9EDF-CC828C058A6E}.Debug|x64.ActiveCfg = Debug|Any CPU
		{56D4507A-2845-4DC1-9EDF-CC828C058A6E}.Debug|x64.Build.0 = Debug|Any CPU
		{56D4507A-2845-4DC1-9EDF-CC828C058A6E}.Debug|x86.ActiveCfg = Debug|Any CPU
		{56D4507A-2845-4DC1-9EDF-CC828C058A6E}.Debug|x86.Build.0 = Debug|Any CPU
		{56D4507A-2845-4DC1-9EDF-CC828C058A6E}.Release|Any CPU.ActiveCfg = Release|Any CPU
		{56D4507A-2845-4DC1-9EDF-CC828C058A6E}.Release|Any CPU.Build.0 = Release|Any CPU
		{56D4507A-2845-4DC1-9EDF-CC828C058A6E}.Release|x64.ActiveCfg = Release|Any CPU
		{56D4507A-2845-4DC1-9EDF-CC828C058A6E}.Release|x64.Build.0 = Release|Any CPU
		{56D4507A-2845-4DC1-9EDF-CC828C058A6E}.Release|x86.ActiveCfg = Release|Any CPU
		{56D4507A-2845-4DC1-9EDF-CC828C058A6E}.Release|x86.Build.0 = Release|Any CPU
		{26E62F88-E765-43F2-99B8-6F174D389138}.Debug|Any CPU.ActiveCfg = Debug|Any CPU
		{26E62F88-E765-43F2-99B8-6F174D389138}.Debug|Any CPU.Build.0 = Debug|Any CPU
		{26E62F88-E765-43F2-99B8-6F174D389138}.Debug|x64.ActiveCfg = Debug|Any CPU
		{26E62F88-E765-43F2-99B8-6F174D389138}.Debug|x64.Build.0 = Debug|Any CPU
		{26E62F88-E765-43F2-99B8-6F174D389138}.Debug|x86.ActiveCfg = Debug|Any CPU
		{26E62F88-E765-43F2-99B8-6F174D389138}.Debug|x86.Build.0 = Debug|Any CPU
		{26E62F88-E765-43F2-99B8-6F174D389138}.Release|Any CPU.ActiveCfg = Release|Any CPU
		{26E62F88-E765-43F2-99B8-6F174D389138}.Release|Any CPU.Build.0 = Release|Any CPU
		{26E62F88-E765-43F2-99B8-6F174D389138}.Release|x64.ActiveCfg = Release|Any CPU
		{26E62F88-E765-43F2-99B8-6F174D389138}.Release|x64.Build.0 = Release|Any CPU
		{26E62F88-E765-43F2-99B8-6F174D389138}.Release|x86.ActiveCfg = Release|Any CPU
		{26E62F88-E765-43F2-99B8-6F174D389138}.Release|x86.Build.0 = Release|Any CPU
	EndGlobalSection
	GlobalSection(NestedProjects) = preSolution
		{56D4507A-2845-4DC1-9EDF-CC828C058A6E} = {705F4CB3-2290-4637-AD39-DCCB90E3F22F}
		{26E62F88-E765-43F2-99B8-6F174D389138} = {74E722C1-4DAE-4381-90F4-87D11427E506}
	EndGlobalSection
EndGlobal
